
Microsoft Visual Studio Solution File, Format Version 12.00
# Visual Studio Version 17
VisualStudioVersion = 17.12.35527.113 d17.12
MinimumVisualStudioVersion = 10.0.40219.1
Project("{2150E333-8FDC-42A3-9474-1A3956D46DE8}") = "Services", "Services", "{6A5A8676-22CE-49D4-9724-C30070F2483C}"
EndProject
Project("{2150E333-8FDC-42A3-9474-1A3956D46DE8}") = "DataCollection", "DataCollection", "{9D19FD45-57D6-46E2-9302-0EEFC1389F63}"
EndProject
Project("{FAE04EC0-301F-11D3-BF4B-00C04F79EFBC}") = "EcoRoute.DataCollection", "Services\DataCollection\EcoRoute.DataCollection\EcoRoute.DataCollection.csproj", "{0C314D9B-C1CB-46C5-9785-6B5D5FE61F8C}"
EndProject
Global
	GlobalSection(SolutionConfigurationPlatforms) = preSolution
		Debug|Any CPU = Debug|Any CPU
		Release|Any CPU = Release|Any CPU
	EndGlobalSection
	GlobalSection(ProjectConfigurationPlatforms) = postSolution
		{0C314D9B-C1CB-46C5-9785-6B5D5FE61F8C}.Debug|Any CPU.ActiveCfg = Debug|Any CPU
		{0C314D9B-C1CB-46C5-9785-6B5D5FE61F8C}.Debug|Any CPU.Build.0 = Debug|Any CPU
		{0C314D9B-C1CB-46C5-9785-6B5D5FE61F8C}.Release|Any CPU.ActiveCfg = Release|Any CPU
		{0C314D9B-C1CB-46C5-9785-6B5D5FE61F8C}.Release|Any CPU.Build.0 = Release|Any CPU
	EndGlobalSection
	GlobalSection(SolutionProperties) = preSolution
		HideSolutionNode = FALSE
	EndGlobalSection
	GlobalSection(NestedProjects) = preSolution
		{9D19FD45-57D6-46E2-9302-0EEFC1389F63} = {6A5A8676-22CE-49D4-9724-C30070F2483C}
		{0C314D9B-C1CB-46C5-9785-6B5D5FE61F8C} = {9D19FD45-57D6-46E2-9302-0EEFC1389F63}
	EndGlobalSection
EndGlobal
